
Microsoft Visual Studio Solution File, Format Version 12.00
# Visual Studio Version 16
VisualStudioVersion = 16.0.31702.278
MinimumVisualStudioVersion = 10.0.40219.1
Project("{888888A0-9F3D-457C-B088-3A5042F75D52}") = "airplay_ontable", "airplay_ontable.pyproj", "{2FBE71A1-34E0-4FA9-8E19-80917A0C0DA9}"
EndProject
Global
	GlobalSection(SolutionConfigurationPlatforms) = preSolution
		Debug|Any CPU = Debug|Any CPU
		Release|Any CPU = Release|Any CPU
	EndGlobalSection
	GlobalSection(ProjectConfigurationPlatforms) = postSolution
		{2FBE71A1-34E0-4FA9-8E19-80917A0C0DA9}.Debug|Any CPU.ActiveCfg = Debug|Any CPU
		{2FBE71A1-34E0-4FA9-8E19-80917A0C0DA9}.Release|Any CPU.ActiveCfg = Release|Any CPU
	EndGlobalSection
	GlobalSection(SolutionProperties) = preSolution
		HideSolutionNode = FALSE
	EndGlobalSection
	GlobalSection(ExtensibilityGlobals) = postSolution
		SolutionGuid = {BE6986E1-4877-46D2-A74C-D8DDBE31AB80}
	EndGlobalSection
EndGlobal
